# This file is autogenerated, do not edit; changes may be undone by the next 'dep ensure'.


[[projects]]
  name = "github.com/cheekybits/genny"
  packages = [".","parse"]
  revision = "9127e812e1e9e501ce899a18121d316ecb52e4ba"

[[projects]]
  name = "github.com/chzyer/readline"
  packages = ["."]
  revision = "62c6fe6193755f722b8b8788aa7357be55a50ff1"
  version = "v1.4"

[[projects]]
  name = "github.com/mna/pigeon"
  packages = [".","ast","builder"]
  revision = "9df264905d4734c0133161d8c67828ff522b154a"
  version = "v1.0.0"

[[projects]]
  name = "github.com/spf13/pflag"
  packages = ["."]
  revision = "e57e3eeb33f795204c1ca35f56c44f83227c6e66"
  version = "v1.0.0"

[[projects]]
  branch = "master"
  name = "golang.org/x/tools"
  packages = ["go/ast/astutil","imports"]
  revision = "10db2d12cfa8602d0ffa73c5c2270ce47ba56b30"

[solve-meta]
  analyzer-name = "dep"
  analyzer-version = 1
  inputs-digest = "26bb6d869c104287da61e076354ec388b21dcee7443278e82eba3ca66a5b2c02"
  solver-name = "gps-cdcl"
  solver-version = 1
